
Microsoft Visual Studio Solution File, Format Version 12.00
# Visual Studio Version 17
VisualStudioVersion = 17.11.35327.3
MinimumVisualStudioVersion = 10.0.40219.1
Project("{FAE04EC0-301F-11D3-BF4B-00C04F79EFBC}") = "Crud-dotnet-api", "Crud-dotnet-api.csproj", "{32E64EB3-7E48-45B3-B7BD-88FABA775F5C}"
EndProject
Global
	GlobalSection(SolutionConfigurationPlatforms) = preSolution
		Debug|Any CPU = Debug|Any CPU
		Release|Any CPU = Release|Any CPU
	EndGlobalSection
	GlobalSection(ProjectConfigurationPlatforms) = postSolution
		{32E64EB3-7E48-45B3-B7BD-88FABA775F5C}.Debug|Any CPU.ActiveCfg = Debug|Any CPU
		{32E64EB3-7E48-45B3-B7BD-88FABA775F5C}.Debug|Any CPU.Build.0 = Debug|Any CPU
		{32E64EB3-7E48-45B3-B7BD-88FABA775F5C}.Release|Any CPU.ActiveCfg = Release|Any CPU
		{32E64EB3-7E48-45B3-B7BD-88FABA775F5C}.Release|Any CPU.Build.0 = Release|Any CPU
	EndGlobalSection
	GlobalSection(SolutionProperties) = preSolution
		HideSolutionNode = FALSE
	EndGlobalSection
	GlobalSection(ExtensibilityGlobals) = postSolution
		SolutionGuid = {7C46C3E8-708C-40A6-848F-5EA0CB8E1ED5}
	EndGlobalSection
EndGlobal
